// !$*UTF8*$!
{
	archiveVersion = 1;
	classes = {
	};
	objectVersion = 46;
	objects = {

/* Begin PBXBuildFile section */
		C50DF7AE1591C5D100BBB433 /* UIKit.framework in Frameworks */ = {isa = PBXBuildFile; fileRef = C50DF7AD1591C5D100BBB433 /* UIKit.framework */; };
		C50DF7B01591C5D100BBB433 /* Foundation.framework in Frameworks */ = {isa = PBXBuildFile; fileRef = C50DF7AF1591C5D100BBB433 /* Foundation.framework */; };
		C50DF7B21591C5D100BBB433 /* CoreGraphics.framework in Frameworks */ = {isa = PBXBuildFile; fileRef = C50DF7B11591C5D100BBB433 /* CoreGraphics.framework */; };
		C50DF7B61591C5D100BBB433 /* OpenGLES.framework in Frameworks */ = {isa = PBXBuildFile; fileRef = C50DF7B51591C5D100BBB433 /* OpenGLES.framework */; };
		C50DF7BC1591C5D100BBB433 /* InfoPlist.strings in Resources */ = {isa = PBXBuildFile; fileRef = C50DF7BA1591C5D100BBB433 /* InfoPlist.strings */; };
		C50DF7BE1591C5D100BBB433 /* main.m in Sources */ = {isa = PBXBuildFile; fileRef = C50DF7BD1591C5D100BBB433 /* main.m */; };
		C50DF7C21591C5D100BBB433 /* AXAppDelegate.m in Sources */ = {isa = PBXBuildFile; fileRef = C50DF7C11591C5D100BBB433 /* AXAppDelegate.m */; };
		C50DF7D71591C5D100BBB433 /* SenTestingKit.framework in Frameworks */ = {isa = PBXBuildFile; fileRef = C50DF7D61591C5D100BBB433 /* SenTestingKit.framework */; };
		C50DF7D81591C5D200BBB433 /* UIKit.framework in Frameworks */ = {isa = PBXBuildFile; fileRef = C50DF7AD1591C5D100BBB433 /* UIKit.framework */; };
		C50DF7D91591C5D200BBB433 /* Foundation.framework in Frameworks */ = {isa = PBXBuildFile; fileRef = C50DF7AF1591C5D100BBB433 /* Foundation.framework */; };
		C50DF7E11591C5D200BBB433 /* InfoPlist.strings in Resources */ = {isa = PBXBuildFile; fileRef = C50DF7DF1591C5D200BBB433 /* InfoPlist.strings */; };
		C50DF7E41591C5D200BBB433 /* AxisTests.m in Sources */ = {isa = PBXBuildFile; fileRef = C50DF7E31591C5D200BBB433 /* AxisTests.m */; };
		C50DF7F01591C8EE00BBB433 /* AXInputViewController.m in Sources */ = {isa = PBXBuildFile; fileRef = C50DF7EF1591C8EE00BBB433 /* AXInputViewController.m */; };
		C50DF7F61591CBC200BBB433 /* EAGLView.m in Sources */ = {isa = PBXBuildFile; fileRef = C50DF7F51591CBC200BBB433 /* EAGLView.m */; };
		C50DF7F91591D44F00BBB433 /* AXSceneController.m in Sources */ = {isa = PBXBuildFile; fileRef = C50DF7F81591D44F00BBB433 /* AXSceneController.m */; };
		C50DF7FC1591D58800BBB433 /* AXMesh.m in Sources */ = {isa = PBXBuildFile; fileRef = C50DF7FB1591D58800BBB433 /* AXMesh.m */; };
		C50DF7FF1591D72100BBB433 /* AXSceneObject.m in Sources */ = {isa = PBXBuildFile; fileRef = C50DF7FE1591D72100BBB433 /* AXSceneObject.m */; };
		C50DF8011591DFF800BBB433 /* QuartzCore.framework in Frameworks */ = {isa = PBXBuildFile; fileRef = C50DF8001591DFF800BBB433 /* QuartzCore.framework */; };
		C50DF8031591E12200BBB433 /* MainWindow_iPhone.xib in Resources */ = {isa = PBXBuildFile; fileRef = C50DF8021591E12200BBB433 /* MainWindow_iPhone.xib */; };
		C50DF80D15923A8E00BBB433 /* AXButton.m in Sources */ = {isa = PBXBuildFile; fileRef = C50DF80C15923A8E00BBB433 /* AXButton.m */; };
		C5293AD9159B481800B6E6FA /* AXMissile.m in Sources */ = {isa = PBXBuildFile; fileRef = C5293AD8159B481800B6E6FA /* AXMissile.m */; };
		C5293AE1159B4A6900B6E6FA /* AXArrowButton.m in Sources */ = {isa = PBXBuildFile; fileRef = C5293AE0159B4A6900B6E6FA /* AXArrowButton.m */; };
		C52CF44415A3062F0050C1C0 /* AXAnimatedQuad.m in Sources */ = {isa = PBXBuildFile; fileRef = C52CF44315A3062F0050C1C0 /* AXAnimatedQuad.m */; };
		C52CF44715A30F9D0050C1C0 /* AXAnimation.m in Sources */ = {isa = PBXBuildFile; fileRef = C52CF44615A30F9D0050C1C0 /* AXAnimation.m */; };
		C5841CDF159B6E6600B6CC3E /* AXCollider.m in Sources */ = {isa = PBXBuildFile; fileRef = C5841CDE159B6E6600B6CC3E /* AXCollider.m */; };
		C5841CE7159B710400B6CC3E /* AXCollisionController.m in Sources */ = {isa = PBXBuildFile; fileRef = C5841CE6159B710400B6CC3E /* AXCollisionController.m */; };
		C59B3327159F894A00F634F4 /* SpaceRocksAtlas.plist in Resources */ = {isa = PBXBuildFile; fileRef = C59B3325159F894A00F634F4 /* SpaceRocksAtlas.plist */; };
		C59B3328159F894A00F634F4 /* SpaceRocksAtlas.png in Resources */ = {isa = PBXBuildFile; fileRef = C59B3326159F894A00F634F4 /* SpaceRocksAtlas.png */; };
		C59B332F159F8A1100F634F4 /* AXMaterialController.m in Sources */ = {isa = PBXBuildFile; fileRef = C59B332E159F8A1100F634F4 /* AXMaterialController.m */; };
		C59B333315A069E500F634F4 /* AXTexturedQuad.m in Sources */ = {isa = PBXBuildFile; fileRef = C59B333215A069E500F634F4 /* AXTexturedQuad.m */; };
		C59B333A15A0799300F634F4 /* AXTexturedButton.m in Sources */ = {isa = PBXBuildFile; fileRef = C59B333915A0799300F634F4 /* AXTexturedButton.m */; };
		C5D3245E159323B90001C2D0 /* AXMobileObject.m in Sources */ = {isa = PBXBuildFile; fileRef = C5D3245D159323B90001C2D0 /* AXMobileObject.m */; };
		C5D324621593245E0001C2D0 /* AXSpaceShip.m in Sources */ = {isa = PBXBuildFile; fileRef = C5D324611593245E0001C2D0 /* AXSpaceShip.m */; };
		C5D32467159333750001C2D0 /* AXRock.m in Sources */ = {isa = PBXBuildFile; fileRef = C5D32466159333750001C2D0 /* AXRock.m */; };
		C5D7622515AED8B700939700 /* AXParticle.m in Sources */ = {isa = PBXBuildFile; fileRef = C5D7622415AED8B700939700 /* AXParticle.m */; };
		C5D7622815AED9C800939700 /* AXParticleEmitter.m in Sources */ = {isa = PBXBuildFile; fileRef = C5D7622715AED9C800939700 /* AXParticleEmitter.m */; };
		C5D7622B15AEE28200939700 /* particleAtlas.plist in Resources */ = {isa = PBXBuildFile; fileRef = C5D7622915AEE28200939700 /* particleAtlas.plist */; };
		C5D7622C15AEE28200939700 /* particleAtlas.png in Resources */ = {isa = PBXBuildFile; fileRef = C5D7622A15AEE28200939700 /* particleAtlas.png */; };
		C5EEFF2815AD8CD600FF320B /* MainWindow_iPad.xib in Resources */ = {isa = PBXBuildFile; fileRef = C5EEFF2715AD8CD600FF320B /* MainWindow_iPad.xib */; };
		C5EEFF2A15AD8E9000FF320B /* iPad_Window.xib in Resources */ = {isa = PBXBuildFile; fileRef = C5EEFF2915AD8E9000FF320B /* iPad_Window.xib */; };
/* End PBXBuildFile section */

/* Begin PBXContainerItemProxy section */
		C50DF7DA1591C5D200BBB433 /* PBXContainerItemProxy */ = {
			isa = PBXContainerItemProxy;
			containerPortal = C50DF7A01591C5D000BBB433 /* Project object */;
			proxyType = 1;
			remoteGlobalIDString = C50DF7A81591C5D100BBB433;
			remoteInfo = Axis;
		};
/* End PBXContainerItemProxy section */

/* Begin PBXFileReference section */
		C50DF7A91591C5D100BBB433 /* Axis.app */ = {isa = PBXFileReference; explicitFileType = wrapper.application; includeInIndex = 0; path = Axis.app; sourceTree = BUILT_PRODUCTS_DIR; };
		C50DF7AD1591C5D100BBB433 /* UIKit.framework */ = {isa = PBXFileReference; lastKnownFileType = wrapper.framework; name = UIKit.framework; path = System/Library/Frameworks/UIKit.framework; sourceTree = SDKROOT; };
		C50DF7AF1591C5D100BBB433 /* Foundation.framework */ = {isa = PBXFileReference; lastKnownFileType = wrapper.framework; name = Foundation.framework; path = System/Library/Frameworks/Foundation.framework; sourceTree = SDKROOT; };
		C50DF7B11591C5D100BBB433 /* CoreGraphics.framework */ = {isa = PBXFileReference; lastKnownFileType = wrapper.framework; name = CoreGraphics.framework; path = System/Library/Frameworks/CoreGraphics.framework; sourceTree = SDKROOT; };
		C50DF7B31591C5D100BBB433 /* GLKit.framework */ = {isa = PBXFileReference; lastKnownFileType = wrapper.framework; name = GLKit.framework; path = System/Library/Frameworks/GLKit.framework; sourceTree = SDKROOT; };
		C50DF7B51591C5D100BBB433 /* OpenGLES.framework */ = {isa = PBXFileReference; lastKnownFileType = wrapper.framework; name = OpenGLES.framework; path = System/Library/Frameworks/OpenGLES.framework; sourceTree = SDKROOT; };
		C50DF7B91591C5D100BBB433 /* Axis-Info.plist */ = {isa = PBXFileReference; lastKnownFileType = text.plist.xml; path = "Axis-Info.plist"; sourceTree = "<group>"; };
		C50DF7BB1591C5D100BBB433 /* en */ = {isa = PBXFileReference; lastKnownFileType = text.plist.strings; name = en; path = en.lproj/InfoPlist.strings; sourceTree = "<group>"; };
		C50DF7BD1591C5D100BBB433 /* main.m */ = {isa = PBXFileReference; lastKnownFileType = sourcecode.c.objc; path = main.m; sourceTree = "<group>"; };
		C50DF7BF1591C5D100BBB433 /* Axis-Prefix.pch */ = {isa = PBXFileReference; lastKnownFileType = sourcecode.c.h; path = "Axis-Prefix.pch"; sourceTree = "<group>"; };
		C50DF7C01591C5D100BBB433 /* AXAppDelegate.h */ = {isa = PBXFileReference; lastKnownFileType = sourcecode.c.h; path = AXAppDelegate.h; sourceTree = "<group>"; };
		C50DF7C11591C5D100BBB433 /* AXAppDelegate.m */ = {isa = PBXFileReference; lastKnownFileType = sourcecode.c.objc; path = AXAppDelegate.m; sourceTree = "<group>"; };
		C50DF7D51591C5D100BBB433 /* AxisTests.octest */ = {isa = PBXFileReference; explicitFileType = wrapper.cfbundle; includeInIndex = 0; path = AxisTests.octest; sourceTree = BUILT_PRODUCTS_DIR; };
		C50DF7D61591C5D100BBB433 /* SenTestingKit.framework */ = {isa = PBXFileReference; lastKnownFileType = wrapper.framework; name = SenTestingKit.framework; path = Library/Frameworks/SenTestingKit.framework; sourceTree = DEVELOPER_DIR; };
		C50DF7DE1591C5D200BBB433 /* AxisTests-Info.plist */ = {isa = PBXFileReference; lastKnownFileType = text.plist.xml; path = "AxisTests-Info.plist"; sourceTree = "<group>"; };
		C50DF7E01591C5D200BBB433 /* en */ = {isa = PBXFileReference; lastKnownFileType = text.plist.strings; name = en; path = en.lproj/InfoPlist.strings; sourceTree = "<group>"; };
		C50DF7E21591C5D200BBB433 /* AxisTests.h */ = {isa = PBXFileReference; lastKnownFileType = sourcecode.c.h; path = AxisTests.h; sourceTree = "<group>"; };
		C50DF7E31591C5D200BBB433 /* AxisTests.m */ = {isa = PBXFileReference; lastKnownFileType = sourcecode.c.objc; path = AxisTests.m; sourceTree = "<group>"; };
		C50DF7EE1591C8EE00BBB433 /* AXInputViewController.h */ = {isa = PBXFileReference; fileEncoding = 4; lastKnownFileType = sourcecode.c.h; path = AXInputViewController.h; sourceTree = "<group>"; };
		C50DF7EF1591C8EE00BBB433 /* AXInputViewController.m */ = {isa = PBXFileReference; fileEncoding = 4; lastKnownFileType = sourcecode.c.objc; path = AXInputViewController.m; sourceTree = "<group>"; };
		C50DF7F41591CBC100BBB433 /* EAGLView.h */ = {isa = PBXFileReference; fileEncoding = 4; lastKnownFileType = sourcecode.c.h; path = EAGLView.h; sourceTree = "<group>"; };
		C50DF7F51591CBC200BBB433 /* EAGLView.m */ = {isa = PBXFileReference; fileEncoding = 4; lastKnownFileType = sourcecode.c.objc; path = EAGLView.m; sourceTree = "<group>"; };
		C50DF7F71591D44F00BBB433 /* AXSceneController.h */ = {isa = PBXFileReference; fileEncoding = 4; lastKnownFileType = sourcecode.c.h; path = AXSceneController.h; sourceTree = "<group>"; };
		C50DF7F81591D44F00BBB433 /* AXSceneController.m */ = {isa = PBXFileReference; fileEncoding = 4; lastKnownFileType = sourcecode.c.objc; path = AXSceneController.m; sourceTree = "<group>"; };
		C50DF7FA1591D58800BBB433 /* AXMesh.h */ = {isa = PBXFileReference; fileEncoding = 4; lastKnownFileType = sourcecode.c.h; name = AXMesh.h; path = Objects/AXMesh.h; sourceTree = "<group>"; };
		C50DF7FB1591D58800BBB433 /* AXMesh.m */ = {isa = PBXFileReference; fileEncoding = 4; lastKnownFileType = sourcecode.c.objc; name = AXMesh.m; path = Objects/AXMesh.m; sourceTree = "<group>"; };
		C50DF7FD1591D72100BBB433 /* AXSceneObject.h */ = {isa = PBXFileReference; fileEncoding = 4; lastKnownFileType = sourcecode.c.h; name = AXSceneObject.h; path = Objects/AXSceneObject.h; sourceTree = "<group>"; };
		C50DF7FE1591D72100BBB433 /* AXSceneObject.m */ = {isa = PBXFileReference; fileEncoding = 4; lastKnownFileType = sourcecode.c.objc; name = AXSceneObject.m; path = Objects/AXSceneObject.m; sourceTree = "<group>"; };
		C50DF8001591DFF800BBB433 /* QuartzCore.framework */ = {isa = PBXFileReference; lastKnownFileType = wrapper.framework; name = QuartzCore.framework; path = System/Library/Frameworks/QuartzCore.framework; sourceTree = SDKROOT; };
		C50DF8021591E12200BBB433 /* MainWindow_iPhone.xib */ = {isa = PBXFileReference; fileEncoding = 4; lastKnownFileType = file.xib; name = MainWindow_iPhone.xib; path = Interface/MainWindow_iPhone.xib; sourceTree = "<group>"; };
		C50DF809159238A600BBB433 /* AXPoint.h */ = {isa = PBXFileReference; fileEncoding = 4; lastKnownFileType = sourcecode.c.h; path = AXPoint.h; sourceTree = "<group>"; };
		C50DF80B15923A8E00BBB433 /* AXButton.h */ = {isa = PBXFileReference; fileEncoding = 4; lastKnownFileType = sourcecode.c.h; name = AXButton.h; path = "Game Files/AXButton.h"; sourceTree = "<group>"; };
		C50DF80C15923A8E00BBB433 /* AXButton.m */ = {isa = PBXFileReference; fileEncoding = 4; lastKnownFileType = sourcecode.c.objc; name = AXButton.m; path = "Game Files/AXButton.m"; sourceTree = "<group>"; };
		C5293AD7159B481800B6E6FA /* AXMissile.h */ = {isa = PBXFileReference; fileEncoding = 4; lastKnownFileType = sourcecode.c.h; name = AXMissile.h; path = "Game Files/AXMissile.h"; sourceTree = "<group>"; };
		C5293AD8159B481800B6E6FA /* AXMissile.m */ = {isa = PBXFileReference; fileEncoding = 4; lastKnownFileType = sourcecode.c.objc; name = AXMissile.m; path = "Game Files/AXMissile.m"; sourceTree = "<group>"; };
		C5293ADF159B4A6900B6E6FA /* AXArrowButton.h */ = {isa = PBXFileReference; fileEncoding = 4; lastKnownFileType = sourcecode.c.h; name = AXArrowButton.h; path = "Game Files/AXArrowButton.h"; sourceTree = "<group>"; };
		C5293AE0159B4A6900B6E6FA /* AXArrowButton.m */ = {isa = PBXFileReference; fileEncoding = 4; lastKnownFileType = sourcecode.c.objc; name = AXArrowButton.m; path = "Game Files/AXArrowButton.m"; sourceTree = "<group>"; };
		C52CF44215A3062F0050C1C0 /* AXAnimatedQuad.h */ = {isa = PBXFileReference; fileEncoding = 4; lastKnownFileType = sourcecode.c.h; name = AXAnimatedQuad.h; path = Objects/AXAnimatedQuad.h; sourceTree = "<group>"; };
		C52CF44315A3062F0050C1C0 /* AXAnimatedQuad.m */ = {isa = PBXFileReference; fileEncoding = 4; lastKnownFileType = sourcecode.c.objc; name = AXAnimatedQuad.m; path = Objects/AXAnimatedQuad.m; sourceTree = "<group>"; };
		C52CF44515A30F9D0050C1C0 /* AXAnimation.h */ = {isa = PBXFileReference; fileEncoding = 4; lastKnownFileType = sourcecode.c.h; name = AXAnimation.h; path = Objects/AXAnimation.h; sourceTree = "<group>"; };
		C52CF44615A30F9D0050C1C0 /* AXAnimation.m */ = {isa = PBXFileReference; fileEncoding = 4; lastKnownFileType = sourcecode.c.objc; name = AXAnimation.m; path = Objects/AXAnimation.m; sourceTree = "<group>"; };
		C5841CDD159B6E6600B6CC3E /* AXCollider.h */ = {isa = PBXFileReference; fileEncoding = 4; lastKnownFileType = sourcecode.c.h; name = AXCollider.h; path = Objects/AXCollider.h; sourceTree = "<group>"; };
		C5841CDE159B6E6600B6CC3E /* AXCollider.m */ = {isa = PBXFileReference; fileEncoding = 4; lastKnownFileType = sourcecode.c.objc; name = AXCollider.m; path = Objects/AXCollider.m; sourceTree = "<group>"; };
		C5841CE5159B710400B6CC3E /* AXCollisionController.h */ = {isa = PBXFileReference; fileEncoding = 4; lastKnownFileType = sourcecode.c.h; path = AXCollisionController.h; sourceTree = "<group>"; };
		C5841CE6159B710400B6CC3E /* AXCollisionController.m */ = {isa = PBXFileReference; fileEncoding = 4; lastKnownFileType = sourcecode.c.objc; path = AXCollisionController.m; sourceTree = "<group>"; };
		C59B3325159F894A00F634F4 /* SpaceRocksAtlas.plist */ = {isa = PBXFileReference; fileEncoding = 4; lastKnownFileType = text.plist.xml; path = SpaceRocksAtlas.plist; sourceTree = "<group>"; };
		C59B3326159F894A00F634F4 /* SpaceRocksAtlas.png */ = {isa = PBXFileReference; lastKnownFileType = image.png; path = SpaceRocksAtlas.png; sourceTree = "<group>"; };
		C59B332D159F8A1100F634F4 /* AXMaterialController.h */ = {isa = PBXFileReference; fileEncoding = 4; lastKnownFileType = sourcecode.c.h; path = AXMaterialController.h; sourceTree = "<group>"; };
		C59B332E159F8A1100F634F4 /* AXMaterialController.m */ = {isa = PBXFileReference; fileEncoding = 4; lastKnownFileType = sourcecode.c.objc; path = AXMaterialController.m; sourceTree = "<group>"; };
		C59B333115A069E500F634F4 /* AXTexturedQuad.h */ = {isa = PBXFileReference; fileEncoding = 4; lastKnownFileType = sourcecode.c.h; name = AXTexturedQuad.h; path = Objects/AXTexturedQuad.h; sourceTree = "<group>"; };
		C59B333215A069E500F634F4 /* AXTexturedQuad.m */ = {isa = PBXFileReference; fileEncoding = 4; lastKnownFileType = sourcecode.c.objc; name = AXTexturedQuad.m; path = Objects/AXTexturedQuad.m; sourceTree = "<group>"; };
		C59B333815A0799300F634F4 /* AXTexturedButton.h */ = {isa = PBXFileReference; fileEncoding = 4; lastKnownFileType = sourcecode.c.h; name = AXTexturedButton.h; path = "Game Files/AXTexturedButton.h"; sourceTree = "<group>"; };
		C59B333915A0799300F634F4 /* AXTexturedButton.m */ = {isa = PBXFileReference; fileEncoding = 4; lastKnownFileType = sourcecode.c.objc; name = AXTexturedButton.m; path = "Game Files/AXTexturedButton.m"; sourceTree = "<group>"; };
		C5D3245C159323B90001C2D0 /* AXMobileObject.h */ = {isa = PBXFileReference; fileEncoding = 4; lastKnownFileType = sourcecode.c.h; name = AXMobileObject.h; path = Objects/AXMobileObject.h; sourceTree = "<group>"; };
		C5D3245D159323B90001C2D0 /* AXMobileObject.m */ = {isa = PBXFileReference; fileEncoding = 4; lastKnownFileType = sourcecode.c.objc; name = AXMobileObject.m; path = Objects/AXMobileObject.m; sourceTree = "<group>"; };
		C5D324601593245E0001C2D0 /* AXSpaceShip.h */ = {isa = PBXFileReference; fileEncoding = 4; lastKnownFileType = sourcecode.c.h; name = AXSpaceShip.h; path = "Game Files/AXSpaceShip.h"; sourceTree = "<group>"; };
		C5D324611593245E0001C2D0 /* AXSpaceShip.m */ = {isa = PBXFileReference; fileEncoding = 4; lastKnownFileType = sourcecode.c.objc; name = AXSpaceShip.m; path = "Game Files/AXSpaceShip.m"; sourceTree = "<group>"; };
		C5D324641593266E0001C2D0 /* AXConfiguration.h */ = {isa = PBXFileReference; fileEncoding = 4; lastKnownFileType = sourcecode.c.h; path = AXConfiguration.h; sourceTree = "<group>"; };
		C5D32465159333750001C2D0 /* AXRock.h */ = {isa = PBXFileReference; fileEncoding = 4; lastKnownFileType = sourcecode.c.h; name = AXRock.h; path = "Game Files/AXRock.h"; sourceTree = "<group>"; };
		C5D32466159333750001C2D0 /* AXRock.m */ = {isa = PBXFileReference; fileEncoding = 4; lastKnownFileType = sourcecode.c.objc; name = AXRock.m; path = "Game Files/AXRock.m"; sourceTree = "<group>"; };
		C5D7622315AED8B700939700 /* AXParticle.h */ = {isa = PBXFileReference; fileEncoding = 4; lastKnownFileType = sourcecode.c.h; name = AXParticle.h; path = "Objects/Particle Emitter/AXParticle.h"; sourceTree = "<group>"; };
		C5D7622415AED8B700939700 /* AXParticle.m */ = {isa = PBXFileReference; fileEncoding = 4; lastKnownFileType = sourcecode.c.objc; name = AXParticle.m; path = "Objects/Particle Emitter/AXParticle.m"; sourceTree = "<group>"; };
		C5D7622615AED9C800939700 /* AXParticleEmitter.h */ = {isa = PBXFileReference; fileEncoding = 4; lastKnownFileType = sourcecode.c.h; name = AXParticleEmitter.h; path = "Objects/Particle Emitter/AXParticleEmitter.h"; sourceTree = "<group>"; };
		C5D7622715AED9C800939700 /* AXParticleEmitter.m */ = {isa = PBXFileReference; fileEncoding = 4; lastKnownFileType = sourcecode.c.objc; name = AXParticleEmitter.m; path = "Objects/Particle Emitter/AXParticleEmitter.m"; sourceTree = "<group>"; };
		C5D7622915AEE28200939700 /* particleAtlas.plist */ = {isa = PBXFileReference; fileEncoding = 4; lastKnownFileType = text.plist.xml; path = particleAtlas.plist; sourceTree = "<group>"; };
		C5D7622A15AEE28200939700 /* particleAtlas.png */ = {isa = PBXFileReference; lastKnownFileType = image.png; path = particleAtlas.png; sourceTree = "<group>"; };
		C5EEFF2615AD879100FF320B /* Axis.h */ = {isa = PBXFileReference; fileEncoding = 4; lastKnownFileType = sourcecode.c.h; path = Axis.h; sourceTree = "<group>"; };
		C5EEFF2715AD8CD600FF320B /* MainWindow_iPad.xib */ = {isa = PBXFileReference; fileEncoding = 4; lastKnownFileType = file.xib; name = MainWindow_iPad.xib; path = Interface/MainWindow_iPad.xib; sourceTree = "<group>"; };
		C5EEFF2915AD8E9000FF320B /* iPad_Window.xib */ = {isa = PBXFileReference; fileEncoding = 4; lastKnownFileType = file.xib; name = iPad_Window.xib; path = Interface/iPad_Window.xib; sourceTree = "<group>"; };
/* End PBXFileReference section */

/* Begin PBXFrameworksBuildPhase section */
		C50DF7A61591C5D100BBB433 /* Frameworks */ = {
			isa = PBXFrameworksBuildPhase;
			buildActionMask = 2147483647;
			files = (
				C50DF7B01591C5D100BBB433 /* Foundation.framework in Frameworks */,
				C50DF7AE1591C5D100BBB433 /* UIKit.framework in Frameworks */,
				C50DF7B21591C5D100BBB433 /* CoreGraphics.framework in Frameworks */,
				C50DF7B61591C5D100BBB433 /* OpenGLES.framework in Frameworks */,
				C50DF8011591DFF800BBB433 /* QuartzCore.framework in Frameworks */,
			);
			runOnlyForDeploymentPostprocessing = 0;
		};
		C50DF7D11591C5D100BBB433 /* Frameworks */ = {
			isa = PBXFrameworksBuildPhase;
			buildActionMask = 2147483647;
			files = (
				C50DF7D71591C5D100BBB433 /* SenTestingKit.framework in Frameworks */,
				C50DF7D81591C5D200BBB433 /* UIKit.framework in Frameworks */,
				C50DF7D91591C5D200BBB433 /* Foundation.framework in Frameworks */,
			);
			runOnlyForDeploymentPostprocessing = 0;
		};
/* End PBXFrameworksBuildPhase section */

/* Begin PBXGroup section */
		C50DF79E1591C5D000BBB433 = {
			isa = PBXGroup;
			children = (
				C50DF7B71591C5D100BBB433 /* Axis */,
				C50DF7DC1591C5D200BBB433 /* AxisTests */,
				C50DF7AC1591C5D100BBB433 /* Frameworks */,
				C50DF7AA1591C5D100BBB433 /* Products */,
				C59B331F159F892500F634F4 /* Resources */,
			);
			sourceTree = "<group>";
		};
		C50DF7AA1591C5D100BBB433 /* Products */ = {
			isa = PBXGroup;
			children = (
				C50DF7A91591C5D100BBB433 /* Axis.app */,
				C50DF7D51591C5D100BBB433 /* AxisTests.octest */,
			);
			name = Products;
			sourceTree = "<group>";
		};
		C50DF7AC1591C5D100BBB433 /* Frameworks */ = {
			isa = PBXGroup;
			children = (
				C50DF8001591DFF800BBB433 /* QuartzCore.framework */,
				C50DF7AD1591C5D100BBB433 /* UIKit.framework */,
				C50DF7AF1591C5D100BBB433 /* Foundation.framework */,
				C50DF7B11591C5D100BBB433 /* CoreGraphics.framework */,
				C50DF7B31591C5D100BBB433 /* GLKit.framework */,
				C50DF7B51591C5D100BBB433 /* OpenGLES.framework */,
				C50DF7D61591C5D100BBB433 /* SenTestingKit.framework */,
			);
			name = Frameworks;
			sourceTree = "<group>";
		};
		C50DF7B71591C5D100BBB433 /* Axis */ = {
			isa = PBXGroup;
			children = (
				C50DF8051592372D00BBB433 /* Engine Support */,
				C50DF7C01591C5D100BBB433 /* AXAppDelegate.h */,
				C50DF7C11591C5D100BBB433 /* AXAppDelegate.m */,
				C50DF7F41591CBC100BBB433 /* EAGLView.h */,
				C50DF7F51591CBC200BBB433 /* EAGLView.m */,
				C50DF7EE1591C8EE00BBB433 /* AXInputViewController.h */,
				C50DF7EF1591C8EE00BBB433 /* AXInputViewController.m */,
				C50DF7F71591D44F00BBB433 /* AXSceneController.h */,
				C50DF7F81591D44F00BBB433 /* AXSceneController.m */,
				C5841CE5159B710400B6CC3E /* AXCollisionController.h */,
				C5841CE6159B710400B6CC3E /* AXCollisionController.m */,
				C59B332D159F8A1100F634F4 /* AXMaterialController.h */,
				C59B332E159F8A1100F634F4 /* AXMaterialController.m */,
				C50DF80A15923A3C00BBB433 /* Game Files */,
				C50DF8041592372700BBB433 /* Objects */,
				C50DF8021591E12200BBB433 /* MainWindow_iPhone.xib */,
				C5EEFF2915AD8E9000FF320B /* iPad_Window.xib */,
				C5EEFF2715AD8CD600FF320B /* MainWindow_iPad.xib */,
				C50DF7B81591C5D100BBB433 /* Supporting Files */,
			);
			path = Axis;
			sourceTree = "<group>";
		};
		C50DF7B81591C5D100BBB433 /* Supporting Files */ = {
			isa = PBXGroup;
			children = (
				C50DF7B91591C5D100BBB433 /* Axis-Info.plist */,
				C50DF7BA1591C5D100BBB433 /* InfoPlist.strings */,
				C50DF7BD1591C5D100BBB433 /* main.m */,
				C50DF7BF1591C5D100BBB433 /* Axis-Prefix.pch */,
			);
			name = "Supporting Files";
			sourceTree = "<group>";
		};
		C50DF7DC1591C5D200BBB433 /* AxisTests */ = {
			isa = PBXGroup;
			children = (
				C50DF7E21591C5D200BBB433 /* AxisTests.h */,
				C50DF7E31591C5D200BBB433 /* AxisTests.m */,
				C50DF7DD1591C5D200BBB433 /* Supporting Files */,
			);
			path = AxisTests;
			sourceTree = "<group>";
		};
		C50DF7DD1591C5D200BBB433 /* Supporting Files */ = {
			isa = PBXGroup;
			children = (
				C50DF7DE1591C5D200BBB433 /* AxisTests-Info.plist */,
				C50DF7DF1591C5D200BBB433 /* InfoPlist.strings */,
			);
			name = "Supporting Files";
			sourceTree = "<group>";
		};
		C50DF8041592372700BBB433 /* Objects */ = {
			isa = PBXGroup;
			children = (
				C5D3245C159323B90001C2D0 /* AXMobileObject.h */,
				C5D3245D159323B90001C2D0 /* AXMobileObject.m */,
				C50DF7FD1591D72100BBB433 /* AXSceneObject.h */,
				C50DF7FE1591D72100BBB433 /* AXSceneObject.m */,
				C59B333115A069E500F634F4 /* AXTexturedQuad.h */,
				C59B333215A069E500F634F4 /* AXTexturedQuad.m */,
				C52CF44215A3062F0050C1C0 /* AXAnimatedQuad.h */,
				C52CF44315A3062F0050C1C0 /* AXAnimatedQuad.m */,
				C52CF44515A30F9D0050C1C0 /* AXAnimation.h */,
				C52CF44615A30F9D0050C1C0 /* AXAnimation.m */,
				C50DF7FA1591D58800BBB433 /* AXMesh.h */,
				C50DF7FB1591D58800BBB433 /* AXMesh.m */,
				C5841CDD159B6E6600B6CC3E /* AXCollider.h */,
				C5841CDE159B6E6600B6CC3E /* AXCollider.m */,
				C5D7622115AED88900939700 /* Particle Emitter */,
			);
			name = Objects;
			sourceTree = "<group>";
		};
		C50DF8051592372D00BBB433 /* Engine Support */ = {
			isa = PBXGroup;
			children = (
				C5EEFF2615AD879100FF320B /* Axis.h */,
				C50DF809159238A600BBB433 /* AXPoint.h */,
				C5D324641593266E0001C2D0 /* AXConfiguration.h */,
			);
			name = "Engine Support";
			sourceTree = "<group>";
		};
		C50DF80A15923A3C00BBB433 /* Game Files */ = {
			isa = PBXGroup;
			children = (
				C50DF80B15923A8E00BBB433 /* AXButton.h */,
				C50DF80C15923A8E00BBB433 /* AXButton.m */,
				C59B333815A0799300F634F4 /* AXTexturedButton.h */,
				C59B333915A0799300F634F4 /* AXTexturedButton.m */,
				C5293ADF159B4A6900B6E6FA /* AXArrowButton.h */,
				C5293AE0159B4A6900B6E6FA /* AXArrowButton.m */,
				C5D324601593245E0001C2D0 /* AXSpaceShip.h */,
				C5D324611593245E0001C2D0 /* AXSpaceShip.m */,
				C5D32465159333750001C2D0 /* AXRock.h */,
				C5D32466159333750001C2D0 /* AXRock.m */,
				C5293AD7159B481800B6E6FA /* AXMissile.h */,
				C5293AD8159B481800B6E6FA /* AXMissile.m */,
			);
			name = "Game Files";
			sourceTree = "<group>";
		};
		C59B331F159F892500F634F4 /* Resources */ = {
			isa = PBXGroup;
			children = (
				C5D7622915AEE28200939700 /* particleAtlas.plist */,
				C5D7622A15AEE28200939700 /* particleAtlas.png */,
				C59B3325159F894A00F634F4 /* SpaceRocksAtlas.plist */,
				C59B3326159F894A00F634F4 /* SpaceRocksAtlas.png */,
			);
			name = Resources;
			path = Axis;
			sourceTree = "<group>";
		};
		C5D7622115AED88900939700 /* Particle Emitter */ = {
			isa = PBXGroup;
			children = (
				C5D7622315AED8B700939700 /* AXParticle.h */,
				C5D7622415AED8B700939700 /* AXParticle.m */,
				C5D7622615AED9C800939700 /* AXParticleEmitter.h */,
				C5D7622715AED9C800939700 /* AXParticleEmitter.m */,
			);
			name = "Particle Emitter";
			sourceTree = "<group>";
		};
/* End PBXGroup section */

/* Begin PBXNativeTarget section */
		C50DF7A81591C5D100BBB433 /* Axis */ = {
			isa = PBXNativeTarget;
			buildConfigurationList = C50DF7E71591C5D200BBB433 /* Build configuration list for PBXNativeTarget "Axis" */;
			buildPhases = (
				C5EEFF2415AD861500FF320B /* ShellScript */,
				C50DF7A51591C5D100BBB433 /* Sources */,
				C50DF7A61591C5D100BBB433 /* Frameworks */,
				C50DF7A71591C5D100BBB433 /* Resources */,
			);
			buildRules = (
			);
			dependencies = (
			);
			name = Axis;
			productName = Axis;
			productReference = C50DF7A91591C5D100BBB433 /* Axis.app */;
			productType = "com.apple.product-type.application";
		};
		C50DF7D41591C5D100BBB433 /* AxisTests */ = {
			isa = PBXNativeTarget;
			buildConfigurationList = C50DF7EA1591C5D200BBB433 /* Build configuration list for PBXNativeTarget "AxisTests" */;
			buildPhases = (
				C50DF7D01591C5D100BBB433 /* Sources */,
				C50DF7D11591C5D100BBB433 /* Frameworks */,
				C50DF7D21591C5D100BBB433 /* Resources */,
				C50DF7D31591C5D100BBB433 /* ShellScript */,
			);
			buildRules = (
			);
			dependencies = (
				C50DF7DB1591C5D200BBB433 /* PBXTargetDependency */,
			);
			name = AxisTests;
			productName = AxisTests;
			productReference = C50DF7D51591C5D100BBB433 /* AxisTests.octest */;
			productType = "com.apple.product-type.bundle";
		};
/* End PBXNativeTarget section */

/* Begin PBXProject section */
		C50DF7A01591C5D000BBB433 /* Project object */ = {
			isa = PBXProject;
			attributes = {
				CLASSPREFIX = AX;
				LastUpgradeCheck = 0430;
			};
			buildConfigurationList = C50DF7A31591C5D000BBB433 /* Build configuration list for PBXProject "Axis" */;
			compatibilityVersion = "Xcode 3.2";
			developmentRegion = English;
			hasScannedForEncodings = 0;
			knownRegions = (
				en,
			);
			mainGroup = C50DF79E1591C5D000BBB433;
			productRefGroup = C50DF7AA1591C5D100BBB433 /* Products */;
			projectDirPath = "";
			projectRoot = "";
			targets = (
				C50DF7A81591C5D100BBB433 /* Axis */,
				C50DF7D41591C5D100BBB433 /* AxisTests */,
			);
		};
/* End PBXProject section */

/* Begin PBXResourcesBuildPhase section */
		C50DF7A71591C5D100BBB433 /* Resources */ = {
			isa = PBXResourcesBuildPhase;
			buildActionMask = 2147483647;
			files = (
				C50DF7BC1591C5D100BBB433 /* InfoPlist.strings in Resources */,
				C50DF8031591E12200BBB433 /* MainWindow_iPhone.xib in Resources */,
				C59B3327159F894A00F634F4 /* SpaceRocksAtlas.plist in Resources */,
				C59B3328159F894A00F634F4 /* SpaceRocksAtlas.png in Resources */,
				C5EEFF2815AD8CD600FF320B /* MainWindow_iPad.xib in Resources */,
				C5EEFF2A15AD8E9000FF320B /* iPad_Window.xib in Resources */,
				C5D7622B15AEE28200939700 /* particleAtlas.plist in Resources */,
				C5D7622C15AEE28200939700 /* particleAtlas.png in Resources */,
			);
			runOnlyForDeploymentPostprocessing = 0;
		};
		C50DF7D21591C5D100BBB433 /* Resources */ = {
			isa = PBXResourcesBuildPhase;
			buildActionMask = 2147483647;
			files = (
				C50DF7E11591C5D200BBB433 /* InfoPlist.strings in Resources */,
			);
			runOnlyForDeploymentPostprocessing = 0;
		};
/* End PBXResourcesBuildPhase section */

/* Begin PBXShellScriptBuildPhase section */
		C50DF7D31591C5D100BBB433 /* ShellScript */ = {
			isa = PBXShellScriptBuildPhase;
			buildActionMask = 2147483647;
			files = (
			);
			inputPaths = (
			);
			outputPaths = (
			);
			runOnlyForDeploymentPostprocessing = 0;
			shellPath = /bin/sh;
			shellScript = "# Run the unit tests in this test bundle.\n\"${SYSTEM_DEVELOPER_DIR}/Tools/RunUnitTests\"\n";
		};
		C5EEFF2415AD861500FF320B /* ShellScript */ = {
			isa = PBXShellScriptBuildPhase;
			buildActionMask = 2147483647;
			files = (
			);
			inputPaths = (
				"",
			);
			outputPaths = (
			);
			runOnlyForDeploymentPostprocessing = 0;
			shellPath = /bin/sh;
			shellScript = "#!/bin/bash    \nbuildNumber=$(/usr/libexec/PlistBuddy -c \"Print CFBundleVersion\" \"$INFOPLIST_FILE\")\nbuildNumber=$(($buildNumber + 1))\n/usr/libexec/PlistBuddy -c \"Set :CFBundleVersion $buildNumber\" \"$INFOPLIST_FILE\"";
		};
/* End PBXShellScriptBuildPhase section */

/* Begin PBXSourcesBuildPhase section */
		C50DF7A51591C5D100BBB433 /* Sources */ = {
			isa = PBXSourcesBuildPhase;
			buildActionMask = 2147483647;
			files = (
				C50DF7BE1591C5D100BBB433 /* main.m in Sources */,
				C50DF7C21591C5D100BBB433 /* AXAppDelegate.m in Sources */,
				C50DF7F01591C8EE00BBB433 /* AXInputViewController.m in Sources */,
				C50DF7F61591CBC200BBB433 /* EAGLView.m in Sources */,
				C50DF7F91591D44F00BBB433 /* AXSceneController.m in Sources */,
				C50DF7FC1591D58800BBB433 /* AXMesh.m in Sources */,
				C50DF7FF1591D72100BBB433 /* AXSceneObject.m in Sources */,
				C50DF80D15923A8E00BBB433 /* AXButton.m in Sources */,
				C5D3245E159323B90001C2D0 /* AXMobileObject.m in Sources */,
				C5D324621593245E0001C2D0 /* AXSpaceShip.m in Sources */,
				C5D32467159333750001C2D0 /* AXRock.m in Sources */,
				C5293AD9159B481800B6E6FA /* AXMissile.m in Sources */,
				C5293AE1159B4A6900B6E6FA /* AXArrowButton.m in Sources */,
				C5841CDF159B6E6600B6CC3E /* AXCollider.m in Sources */,
				C5841CE7159B710400B6CC3E /* AXCollisionController.m in Sources */,
				C59B332F159F8A1100F634F4 /* AXMaterialController.m in Sources */,
				C59B333315A069E500F634F4 /* AXTexturedQuad.m in Sources */,
				C59B333A15A0799300F634F4 /* AXTexturedButton.m in Sources */,
				C52CF44415A3062F0050C1C0 /* AXAnimatedQuad.m in Sources */,
				C52CF44715A30F9D0050C1C0 /* AXAnimation.m in Sources */,
				C5D7622515AED8B700939700 /* AXParticle.m in Sources */,
				C5D7622815AED9C800939700 /* AXParticleEmitter.m in Sources */,
			);
			runOnlyForDeploymentPostprocessing = 0;
		};
		C50DF7D01591C5D100BBB433 /* Sources */ = {
			isa = PBXSourcesBuildPhase;
			buildActionMask = 2147483647;
			files = (
				C50DF7E41591C5D200BBB433 /* AxisTests.m in Sources */,
			);
			runOnlyForDeploymentPostprocessing = 0;
		};
/* End PBXSourcesBuildPhase section */

/* Begin PBXTargetDependency section */
		C50DF7DB1591C5D200BBB433 /* PBXTargetDependency */ = {
			isa = PBXTargetDependency;
			target = C50DF7A81591C5D100BBB433 /* Axis */;
			targetProxy = C50DF7DA1591C5D200BBB433 /* PBXContainerItemProxy */;
		};
/* End PBXTargetDependency section */

/* Begin PBXVariantGroup section */
		C50DF7BA1591C5D100BBB433 /* InfoPlist.strings */ = {
			isa = PBXVariantGroup;
			children = (
				C50DF7BB1591C5D100BBB433 /* en */,
			);
			name = InfoPlist.strings;
			sourceTree = "<group>";
		};
		C50DF7DF1591C5D200BBB433 /* InfoPlist.strings */ = {
			isa = PBXVariantGroup;
			children = (
				C50DF7E01591C5D200BBB433 /* en */,
			);
			name = InfoPlist.strings;
			sourceTree = "<group>";
		};
/* End PBXVariantGroup section */

/* Begin XCBuildConfiguration section */
		C50DF7E51591C5D200BBB433 /* Debug */ = {
			isa = XCBuildConfiguration;
			buildSettings = {
				ALWAYS_SEARCH_USER_PATHS = NO;
				ARCHS = "$(ARCHS_STANDARD_32_BIT)";
				"CODE_SIGN_IDENTITY[sdk=iphoneos*]" = "iPhone Developer";
				COPY_PHASE_STRIP = NO;
				GCC_C_LANGUAGE_STANDARD = gnu99;
				GCC_DYNAMIC_NO_PIC = NO;
				GCC_OPTIMIZATION_LEVEL = 0;
				GCC_PREPROCESSOR_DEFINITIONS = (
					"DEBUG=1",
					"$(inherited)",
				);
				GCC_SYMBOLS_PRIVATE_EXTERN = NO;
				GCC_VERSION = com.apple.compilers.llvm.clang.1_0;
				GCC_WARN_ABOUT_RETURN_TYPE = YES;
				GCC_WARN_UNINITIALIZED_AUTOS = YES;
				GCC_WARN_UNUSED_VARIABLE = YES;
				IPHONEOS_DEPLOYMENT_TARGET = 5.1;
				SDKROOT = iphoneos;
				TARGETED_DEVICE_FAMILY = "1,2";
			};
			name = Debug;
		};
		C50DF7E61591C5D200BBB433 /* Release */ = {
			isa = XCBuildConfiguration;
			buildSettings = {
				ALWAYS_SEARCH_USER_PATHS = NO;
				ARCHS = "$(ARCHS_STANDARD_32_BIT)";
				"CODE_SIGN_IDENTITY[sdk=iphoneos*]" = "iPhone Developer";
				COPY_PHASE_STRIP = YES;
				GCC_C_LANGUAGE_STANDARD = gnu99;
				GCC_VERSION = com.apple.compilers.llvm.clang.1_0;
				GCC_WARN_ABOUT_RETURN_TYPE = YES;
				GCC_WARN_UNINITIALIZED_AUTOS = YES;
				GCC_WARN_UNUSED_VARIABLE = YES;
				IPHONEOS_DEPLOYMENT_TARGET = 5.1;
				OTHER_CFLAGS = "-DNS_BLOCK_ASSERTIONS=1";
				SDKROOT = iphoneos;
				TARGETED_DEVICE_FAMILY = "1,2";
				VALIDATE_PRODUCT = YES;
			};
			name = Release;
		};
		C50DF7E81591C5D200BBB433 /* Debug */ = {
			isa = XCBuildConfiguration;
			buildSettings = {
				GCC_PRECOMPILE_PREFIX_HEADER = YES;
				GCC_PREFIX_HEADER = "Axis/Axis-Prefix.pch";
				"GCC_THUMB_SUPPORT[arch=armv6]" = "";
				INFOPLIST_FILE = "Axis/Axis-Info.plist";
				PRODUCT_NAME = "$(TARGET_NAME)";
				WRAPPER_EXTENSION = app;
			};
			name = Debug;
		};
		C50DF7E91591C5D200BBB433 /* Release */ = {
			isa = XCBuildConfiguration;
			buildSettings = {
				GCC_PRECOMPILE_PREFIX_HEADER = YES;
				GCC_PREFIX_HEADER = "Axis/Axis-Prefix.pch";
				"GCC_THUMB_SUPPORT[arch=armv6]" = "";
				INFOPLIST_FILE = "Axis/Axis-Info.plist";
				PRODUCT_NAME = "$(TARGET_NAME)";
				WRAPPER_EXTENSION = app;
			};
			name = Release;
		};
		C50DF7EB1591C5D200BBB433 /* Debug */ = {
			isa = XCBuildConfiguration;
			buildSettings = {
				BUNDLE_LOADER = "$(BUILT_PRODUCTS_DIR)/Axis.app/Axis";
				FRAMEWORK_SEARCH_PATHS = (
					"$(SDKROOT)/Developer/Library/Frameworks",
					"$(DEVELOPER_LIBRARY_DIR)/Frameworks",
				);
				GCC_PRECOMPILE_PREFIX_HEADER = YES;
				GCC_PREFIX_HEADER = "Axis/Axis-Prefix.pch";
				INFOPLIST_FILE = "AxisTests/AxisTests-Info.plist";
				PRODUCT_NAME = "$(TARGET_NAME)";
				TEST_HOST = "$(BUNDLE_LOADER)";
				WRAPPER_EXTENSION = octest;
			};
			name = Debug;
		};
		C50DF7EC1591C5D200BBB433 /* Release */ = {
			isa = XCBuildConfiguration;
			buildSettings = {
				BUNDLE_LOADER = "$(BUILT_PRODUCTS_DIR)/Axis.app/Axis";
				FRAMEWORK_SEARCH_PATHS = (
					"$(SDKROOT)/Developer/Library/Frameworks",
					"$(DEVELOPER_LIBRARY_DIR)/Frameworks",
				);
				GCC_PRECOMPILE_PREFIX_HEADER = YES;
				GCC_PREFIX_HEADER = "Axis/Axis-Prefix.pch";
				INFOPLIST_FILE = "AxisTests/AxisTests-Info.plist";
				PRODUCT_NAME = "$(TARGET_NAME)";
				TEST_HOST = "$(BUNDLE_LOADER)";
				WRAPPER_EXTENSION = octest;
			};
			name = Release;
		};
/* End XCBuildConfiguration section */

/* Begin XCConfigurationList section */
		C50DF7A31591C5D000BBB433 /* Build configuration list for PBXProject "Axis" */ = {
			isa = XCConfigurationList;
			buildConfigurations = (
				C50DF7E51591C5D200BBB433 /* Debug */,
				C50DF7E61591C5D200BBB433 /* Release */,
			);
			defaultConfigurationIsVisible = 0;
			defaultConfigurationName = Release;
		};
		C50DF7E71591C5D200BBB433 /* Build configuration list for PBXNativeTarget "Axis" */ = {
			isa = XCConfigurationList;
			buildConfigurations = (
				C50DF7E81591C5D200BBB433 /* Debug */,
				C50DF7E91591C5D200BBB433 /* Release */,
			);
			defaultConfigurationIsVisible = 0;
			defaultConfigurationName = Release;
		};
		C50DF7EA1591C5D200BBB433 /* Build configuration list for PBXNativeTarget "AxisTests" */ = {
			isa = XCConfigurationList;
			buildConfigurations = (
				C50DF7EB1591C5D200BBB433 /* Debug */,
				C50DF7EC1591C5D200BBB433 /* Release */,
			);
			defaultConfigurationIsVisible = 0;
			defaultConfigurationName = Release;
		};
/* End XCConfigurationList section */
	};
	rootObject = C50DF7A01591C5D000BBB433 /* Project object */;
}
